Microsoft Visual Studio Solution File, Format Version 12.00
# Visual Studio Version 17
VisualStudioVersion = 17.5.2.0
MinimumVisualStudioVersion = 10.0.40219.1
Project("{2150E333-8FDC-42A3-9474-1A3956D46DE8}") = "backend", "backend", "{1AE8ACA6-933B-BF2A-3671-3E2EAC007D16}"
EndProject
Project("{FAE04EC0-301F-11D3-BF4B-00C04F79EFBC}") = "InventarioSystem.API", "backend\InventarioSystem.API\InventarioSystem.API.csproj", "{C99919BA-9E19-3A93-D3D5-03C1603DD7AC}"
EndProject
Project("{FAE04EC0-301F-11D3-BF4B-00C04F79EFBC}") = "InventarioSystem.Core", "backend\InventarioSystem.Core\InventarioSystem.Core.csproj", "{AB19CC30-21AF-E44D-E098-E4DA7413B0B1}"
EndProject
Global
	GlobalSection(SolutionConfigurationPlatforms) = preSolution
		Debug|Any CPU = Debug|Any CPU
		Release|Any CPU = Release|Any CPU
	EndGlobalSection
	GlobalSection(ProjectConfigurationPlatforms) = postSolution
		{C99919BA-9E19-3A93-D3D5-03C1603DD7AC}.Debug|Any CPU.ActiveCfg = Debug|Any CPU
		{C99919BA-9E19-3A93-D3D5-03C1603DD7AC}.Debug|Any CPU.Build.0 = Debug|Any CPU
		{C99919BA-9E19-3A93-D3D5-03C1603DD7AC}.Release|Any CPU.ActiveCfg = Release|Any CPU
		{C99919BA-9E19-3A93-D3D5-03C1603DD7AC}.Release|Any CPU.Build.0 = Release|Any CPU
		{AB19CC30-21AF-E44D-E098-E4DA7413B0B1}.Debug|Any CPU.ActiveCfg = Debug|Any CPU
		{AB19CC30-21AF-E44D-E098-E4DA7413B0B1}.Debug|Any CPU.Build.0 = Debug|Any CPU
		{AB19CC30-21AF-E44D-E098-E4DA7413B0B1}.Release|Any CPU.ActiveCfg = Release|Any CPU
		{AB19CC30-21AF-E44D-E098-E4DA7413B0B1}.Release|Any CPU.Build.0 = Release|Any CPU
	EndGlobalSection
	GlobalSection(SolutionProperties) = preSolution
		HideSolutionNode = FALSE
	EndGlobalSection
	GlobalSection(NestedProjects) = preSolution
		{C99919BA-9E19-3A93-D3D5-03C1603DD7AC} = {1AE8ACA6-933B-BF2A-3671-3E2EAC007D16}
		{AB19CC30-21AF-E44D-E098-E4DA7413B0B1} = {1AE8ACA6-933B-BF2A-3671-3E2EAC007D16}
	EndGlobalSection
	GlobalSection(ExtensibilityGlobals) = postSolution
		SolutionGuid = {180F4A97-3DF8-46AA-8D5B-04CE6676C9EC}
	EndGlobalSection
EndGlobal
